
Microsoft Visual Studio Solution File, Format Version 12.00
# Visual Studio 15
VisualStudioVersion = 15.0.26430.14
MinimumVisualStudioVersion = 10.0.40219.1
Project("{9A19103F-16F7-4668-BE54-9A1E7A4F7556}") = "BehaviourTree", "BehaviourTree\BehaviourTree.csproj", "{7112076B-363D-4886-9186-617283349034}"
EndProject
Project("{FAE04EC0-301F-11D3-BF4B-00C04F79EFBC}") = "BehaviourTree.Tests", "BehaviourTree.Tests\BehaviourTree.Tests.csproj", "{642AD8E2-054B-4789-9741-2CFF08BC2A44}"
EndProject
Project("{FAE04EC0-301F-11D3-BF4B-00C04F79EFBC}") = "BehaviourTreeBuilder", "BehaviourTreeBuilder\BehaviourTreeBuilder.csproj", "{4197BD9A-F276-450C-B2B1-DC8951B7A1C6}"
EndProject
Project("{FAE04EC0-301F-11D3-BF4B-00C04F79EFBC}") = "BehaviourTreeBuilder.Tests", "BehaviourTreeBuilder.Tests\BehaviourTreeBuilder.Tests.csproj", "{8044E4A1-66B4-4203-B3EB-B88B494568CF}"
EndProject
Global
	GlobalSection(SolutionConfigurationPlatforms) = preSolution
		Debug|Any CPU = Debug|Any CPU
		Release|Any CPU = Release|Any CPU
	EndGlobalSection
	GlobalSection(ProjectConfigurationPlatforms) = postSolution
		{7112076B-363D-4886-9186-617283349034}.Debug|Any CPU.ActiveCfg = Debug|Any CPU
		{7112076B-363D-4886-9186-617283349034}.Debug|Any CPU.Build.0 = Debug|Any CPU
		{7112076B-363D-4886-9186-617283349034}.Release|Any CPU.ActiveCfg = Release|Any CPU
		{7112076B-363D-4886-9186-617283349034}.Release|Any CPU.Build.0 = Release|Any CPU
		{642AD8E2-054B-4789-9741-2CFF08BC2A44}.Debug|Any CPU.ActiveCfg = Debug|Any CPU
		{642AD8E2-054B-4789-9741-2CFF08BC2A44}.Debug|Any CPU.Build.0 = Debug|Any CPU
		{642AD8E2-054B-4789-9741-2CFF08BC2A44}.Release|Any CPU.ActiveCfg = Release|Any CPU
		{642AD8E2-054B-4789-9741-2CFF08BC2A44}.Release|Any CPU.Build.0 = Release|Any CPU
		{4197BD9A-F276-450C-B2B1-DC8951B7A1C6}.Debug|Any CPU.ActiveCfg = Debug|Any CPU
		{4197BD9A-F276-450C-B2B1-DC8951B7A1C6}.Debug|Any CPU.Build.0 = Debug|Any CPU
		{4197BD9A-F276-450C-B2B1-DC8951B7A1C6}.Release|Any CPU.ActiveCfg = Release|Any CPU
		{4197BD9A-F276-450C-B2B1-DC8951B7A1C6}.Release|Any CPU.Build.0 = Release|Any CPU
		{8044E4A1-66B4-4203-B3EB-B88B494568CF}.Debug|Any CPU.ActiveCfg = Debug|Any CPU
		{8044E4A1-66B4-4203-B3EB-B88B494568CF}.Debug|Any CPU.Build.0 = Debug|Any CPU
		{8044E4A1-66B4-4203-B3EB-B88B494568CF}.Release|Any CPU.ActiveCfg = Release|Any CPU
		{8044E4A1-66B4-4203-B3EB-B88B494568CF}.Release|Any CPU.Build.0 = Release|Any CPU
	EndGlobalSection
	GlobalSection(SolutionProperties) = preSolution
		HideSolutionNode = FALSE
	EndGlobalSection
	GlobalSection(ExtensibilityGlobals) = postSolution
		SolutionGuid = {71D56863-4558-4FD2-A1B6-DEAE12B3EA13}
	EndGlobalSection
EndGlobal
