
Microsoft Visual Studio Solution File, Format Version 12.00
# Visual Studio 15
VisualStudioVersion = 15.0.26430.14
MinimumVisualStudioVersion = 10.0.40219.1
Project("{9A19103F-16F7-4668-BE54-9A1E7A4F7556}") = "BehaviourTree", "BehaviourTree\BehaviourTree.csproj", "{7112076B-363D-4886-9186-617283349034}"
EndProject
Project("{FAE04EC0-301F-11D3-BF4B-00C04F79EFBC}") = "BehaviourTree.Tests", "BehaviourTree.Tests\BehaviourTree.Tests.csproj", "{642AD8E2-054B-4789-9741-2CFF08BC2A44}"
EndProject
Project("{FAE04EC0-301F-11D3-BF4B-00C04F79EFBC}") = "InputController", "InputController\InputController.csproj", "{06F4BEEC-6BF6-4A93-A21C-A091D193F1D2}"
EndProject
Project("{FAE04EC0-301F-11D3-BF4B-00C04F79EFBC}") = "BehaviourTree.InputBehaviours", "BehaviourTree.InputBehaviours\BehaviourTree.InputBehaviours.csproj", "{5B801DCE-D456-453E-8E30-AC0A48C7A7B4}"
EndProject
Project("{FAE04EC0-301F-11D3-BF4B-00C04F79EFBC}") = "Demo", "Demo\Demo.csproj", "{C9736904-5E97-4B84-B2CB-35BBB49D61B3}"
EndProject
Global
	GlobalSection(SolutionConfigurationPlatforms) = preSolution
		Debug|Any CPU = Debug|Any CPU
		Release|Any CPU = Release|Any CPU
	EndGlobalSection
	GlobalSection(ProjectConfigurationPlatforms) = postSolution
		{7112076B-363D-4886-9186-617283349034}.Debug|Any CPU.ActiveCfg = Debug|Any CPU
		{7112076B-363D-4886-9186-617283349034}.Debug|Any CPU.Build.0 = Debug|Any CPU
		{7112076B-363D-4886-9186-617283349034}.Release|Any CPU.ActiveCfg = Release|Any CPU
		{7112076B-363D-4886-9186-617283349034}.Release|Any CPU.Build.0 = Release|Any CPU
		{642AD8E2-054B-4789-9741-2CFF08BC2A44}.Debug|Any CPU.ActiveCfg = Debug|Any CPU
		{642AD8E2-054B-4789-9741-2CFF08BC2A44}.Debug|Any CPU.Build.0 = Debug|Any CPU
		{642AD8E2-054B-4789-9741-2CFF08BC2A44}.Release|Any CPU.ActiveCfg = Release|Any CPU
		{642AD8E2-054B-4789-9741-2CFF08BC2A44}.Release|Any CPU.Build.0 = Release|Any CPU
		{06F4BEEC-6BF6-4A93-A21C-A091D193F1D2}.Debug|Any CPU.ActiveCfg = Debug|Any CPU
		{06F4BEEC-6BF6-4A93-A21C-A091D193F1D2}.Debug|Any CPU.Build.0 = Debug|Any CPU
		{06F4BEEC-6BF6-4A93-A21C-A091D193F1D2}.Release|Any CPU.ActiveCfg = Release|Any CPU
		{06F4BEEC-6BF6-4A93-A21C-A091D193F1D2}.Release|Any CPU.Build.0 = Release|Any CPU
		{5B801DCE-D456-453E-8E30-AC0A48C7A7B4}.Debug|Any CPU.ActiveCfg = Debug|Any CPU
		{5B801DCE-D456-453E-8E30-AC0A48C7A7B4}.Debug|Any CPU.Build.0 = Debug|Any CPU
		{5B801DCE-D456-453E-8E30-AC0A48C7A7B4}.Release|Any CPU.ActiveCfg = Release|Any CPU
		{5B801DCE-D456-453E-8E30-AC0A48C7A7B4}.Release|Any CPU.Build.0 = Release|Any CPU
		{C9736904-5E97-4B84-B2CB-35BBB49D61B3}.Debug|Any CPU.ActiveCfg = Debug|Any CPU
		{C9736904-5E97-4B84-B2CB-35BBB49D61B3}.Debug|Any CPU.Build.0 = Debug|Any CPU
		{C9736904-5E97-4B84-B2CB-35BBB49D61B3}.Release|Any CPU.ActiveCfg = Release|Any CPU
		{C9736904-5E97-4B84-B2CB-35BBB49D61B3}.Release|Any CPU.Build.0 = Release|Any CPU
	EndGlobalSection
	GlobalSection(SolutionProperties) = preSolution
		HideSolutionNode = FALSE
	EndGlobalSection
EndGlobal
